
Microsoft Visual Studio Solution File, Format Version 12.00
# Visual Studio Version 16
VisualStudioVersion = 16.0.30011.22
MinimumVisualStudioVersion = 10.0.40219.1
Project("{888888A0-9F3D-457C-B088-3A5042F75D52}") = "CT-Analysis", "CT-Analysis\CT-Analysis.pyproj", "{5BE0C5FF-EE22-49C1-990A-B4858B4B2D08}"
EndProject
Global
	GlobalSection(SolutionConfigurationPlatforms) = preSolution
		Debug|Any CPU = Debug|Any CPU
		Release|Any CPU = Release|Any CPU
	EndGlobalSection
	GlobalSection(ProjectConfigurationPlatforms) = postSolution
		{5BE0C5FF-EE22-49C1-990A-B4858B4B2D08}.Debug|Any CPU.ActiveCfg = Debug|Any CPU
		{5BE0C5FF-EE22-49C1-990A-B4858B4B2D08}.Release|Any CPU.ActiveCfg = Release|Any CPU
	EndGlobalSection
	GlobalSection(SolutionProperties) = preSolution
		HideSolutionNode = FALSE
	EndGlobalSection
	GlobalSection(ExtensibilityGlobals) = postSolution
		SolutionGuid = {3564E86C-8CE9-423B-ACE7-6EC435F014AC}
	EndGlobalSection
EndGlobal
